
Microsoft Visual Studio Solution File, Format Version 11.00
# Visual Studio 2010
Project("{8BC9CEB8-8B4A-11D0-8D11-00A0C91BC942}") = "Shooting.win32", "Shooting\proj.win32\Shooting.win32.vcxproj", "{2D6995FD-B8F0-445B-B2D4-5D585D69EFBC}"
EndProject
Global
	GlobalSection(SolutionConfigurationPlatforms) = preSolution
		Debug|Win32 = Debug|Win32
		Release|Win32 = Release|Win32
	EndGlobalSection
	GlobalSection(ProjectConfigurationPlatforms) = postSolution
		{2D6995FD-B8F0-445B-B2D4-5D585D69EFBC}.Debug|Win32.ActiveCfg = Debug|Win32
		{2D6995FD-B8F0-445B-B2D4-5D585D69EFBC}.Debug|Win32.Build.0 = Debug|Win32
		{2D6995FD-B8F0-445B-B2D4-5D585D69EFBC}.Release|Win32.ActiveCfg = Release|Win32
		{2D6995FD-B8F0-445B-B2D4-5D585D69EFBC}.Release|Win32.Build.0 = Release|Win32
	EndGlobalSection
	GlobalSection(SolutionProperties) = preSolution
		HideSolutionNode = FALSE
	EndGlobalSection
EndGlobal
