<?xml version="1.0" encoding="utf-8"?>
<Project ToolsVersion="4.0" xmlns="http://schemas.microsoft.com/developer/msbuild/2003">
  <ItemGroup>
    <Filter Include="source">
      <UniqueIdentifier>{8802ffb5-cd55-456f-be04-595c6ca663ff}</UniqueIdentifier>
      <Extensions>cpp;c;cxx;def;odl;idl;hpj;bat;asm</Extensions>
    </Filter>
    <Filter Include="include">
      <UniqueIdentifier>{5a59b11e-efd8-4883-a993-f8d947be792a}</UniqueIdentifier>
      <Extensions>h;hpp;hxx;hm;inl;inc</Extensions>
    </Filter>
    <Filter Include="resource">
      <UniqueIdentifier>{7cae0b33-683c-4392-bbdb-37172b76648c}</UniqueIdentifier>
      <Extensions>rc;ico;cur;bmp;dlg;rc2;rct;bin;rgs;jpg;jpeg;jpe;png;manifest</Extensions>
    </Filter>
    <Filter Include="include\Scene">
      <UniqueIdentifier>{02670c9e-2442-46aa-8f5b-e16078711024}</UniqueIdentifier>
    </Filter>
    <Filter Include="source\Scene">
      <UniqueIdentifier>{bd416291-14a9-46c0-a56a-3d5ddf73cdbb}</UniqueIdentifier>
    </Filter>
  </ItemGroup>
  <ItemGroup>
    <None Include="res\Shooting.ico">
      <Filter>resource</Filter>
    </None>
    <None Include="..\Resources\CloseNormal.png">
      <Filter>resource</Filter>
    </None>
    <None Include="..\Resources\CloseSelected.png">
      <Filter>resource</Filter>
    </None>
    <None Include="..\Resources\HelloWorld.png">
      <Filter>resource</Filter>
    </None>
  </ItemGroup>
  <ItemGroup>
    <ResourceCompile Include="Shooting.rc">
      <Filter>resource</Filter>
    </ResourceCompile>
  </ItemGroup>
  <ItemGroup>
    <ClInclude Include="resource.h">
      <Filter>include</Filter>
    </ClInclude>
    <ClInclude Include="main.h">
      <Filter>include</Filter>
    </ClInclude>
    <ClInclude Include="..\Classes\AppDelegate.h">
      <Filter>include</Filter>
    </ClInclude>
    <ClInclude Include="..\Classes\AppMacros.h">
      <Filter>include</Filter>
    </ClInclude>
    <ClInclude Include="..\Classes\HelloWorldScene.h">
      <Filter>include\Scene</Filter>
    </ClInclude>
    <ClInclude Include="..\Classes\LoseScene.h">
      <Filter>include\Scene</Filter>
    </ClInclude>
    <ClInclude Include="..\Classes\MenuScene.h">
      <Filter>include\Scene</Filter>
    </ClInclude>
    <ClInclude Include="..\Classes\WinScene.h">
      <Filter>include\Scene</Filter>
    </ClInclude>
    <ClInclude Include="..\Classes\cMonster.h">
      <Filter>include</Filter>
    </ClInclude>
    <ClInclude Include="..\Classes\header.h">
      <Filter>include</Filter>
    </ClInclude>
  </ItemGroup>
  <ItemGroup>
    <ClCompile Include="main.cpp">
      <Filter>source</Filter>
    </ClCompile>
    <ClCompile Include="..\Classes\AppDelegate.cpp">
      <Filter>source</Filter>
    </ClCompile>
    <ClCompile Include="..\Classes\HelloWorldScene.cpp">
      <Filter>source\Scene</Filter>
    </ClCompile>
    <ClCompile Include="..\Classes\LoseScene.cpp">
      <Filter>source\Scene</Filter>
    </ClCompile>
    <ClCompile Include="..\Classes\MenuScene.cpp">
      <Filter>source\Scene</Filter>
    </ClCompile>
    <ClCompile Include="..\Classes\WinScene.cpp">
      <Filter>source\Scene</Filter>
    </ClCompile>
    <ClCompile Include="..\Classes\cMonster.cpp">
      <Filter>include</Filter>
    </ClCompile>
  </ItemGroup>
</Project>